
Microsoft Visual Studio Solution File, Format Version 12.00
# Visual Studio 15
VisualStudioVersion = 15.0.27130.2010
MinimumVisualStudioVersion = 10.0.40219.1
Project("{2150E333-8FDC-42A3-9474-1A3956D46DE8}") = "src", "src", "{67A04D0B-9D81-4F37-8FB7-07E5FFDFB43A}"
EndProject
Project("{2150E333-8FDC-42A3-9474-1A3956D46DE8}") = "Server", "Server", "{47C29C30-D80E-445E-B15C-D913DC673F86}"
EndProject
Project("{2150E333-8FDC-42A3-9474-1A3956D46DE8}") = "Mobile", "Mobile", "{4376E57E-0485-4FD2-B39E-ECDB354354B1}"
EndProject
Project("{2150E333-8FDC-42A3-9474-1A3956D46DE8}") = "Core", "Core", "{490D8C9A-BE18-42D9-9BF0-AF47FE92FA6D}"
EndProject
Project("{2150E333-8FDC-42A3-9474-1A3956D46DE8}") = "Tests", "Tests", "{2A1ED7A3-3115-4B62-A550-8B320F091B12}"
EndProject
Project("{FAE04EC0-301F-11D3-BF4B-00C04F79EFBC}") = "UnitTest", "src\Tests\UnitTest\UnitTest.csproj", "{742D468B-101E-4D27-844D-E196B78514D2}"
EndProject
Project("{9A19103F-16F7-4668-BE54-9A1E7A4F7556}") = "CoreUnitTest", "src\Tests\CoreUnitTest\CoreUnitTest.csproj", "{50F5FC3C-222F-4F5A-825B-6F781B18E0BC}"
EndProject
Project("{9A19103F-16F7-4668-BE54-9A1E7A4F7556}") = "MicroBluer.Interface", "src\Core\MicroBluer.Interface\MicroBluer.Interface.csproj", "{3261D7E7-BB0F-4D3A-98E6-FDAD586A38B2}"
EndProject
Project("{FAE04EC0-301F-11D3-BF4B-00C04F79EFBC}") = "MicroBluer.Common", "src\Core\MicroBluer.Service\MicroBluer.Common.csproj", "{440FBA9E-7E4F-46F6-A851-6226CC53562B}"
EndProject
Project("{FAE04EC0-301F-11D3-BF4B-00C04F79EFBC}") = "MicroBluer.AndroidCtrls", "src\Mobile\MicroBluer.AndroidCtrls\MicroBluer.AndroidCtrls.csproj", "{825F4F2A-58FA-45CA-8604-A3EEF187B5E0}"
EndProject
Project("{FAE04EC0-301F-11D3-BF4B-00C04F79EFBC}") = "MicroBluer.AndroidCtrls.ImageExpleror", "src\Mobile\MicroBluer.AndroidCtrls.ImageExpleror\MicroBluer.AndroidCtrls.ImageExpleror.csproj", "{6A91207F-DD65-48E5-A65E-75BDC72FE7AD}"
EndProject
Project("{FAE04EC0-301F-11D3-BF4B-00C04F79EFBC}") = "MicroBluer.AndroidCtrls.LoadingAnimation", "src\Mobile\MicroBluer.AndroidCtrls.LoadingAnimation\MicroBluer.AndroidCtrls.LoadingAnimation.csproj", "{48D0E788-4D0A-494A-B0F4-19CC4918AA0F}"
EndProject
Project("{FAE04EC0-301F-11D3-BF4B-00C04F79EFBC}") = "MicroBluer.AndroidMobile", "src\Mobile\MicroBluer.AndroidMobile\MicroBluer.AndroidMobile.csproj", "{95F9E535-B8A2-4F74-9DE5-FE0042A36DDB}"
EndProject
Project("{FAE04EC0-301F-11D3-BF4B-00C04F79EFBC}") = "MicroBluer.AndroidUtils", "src\Mobile\MicroBluer.AndroidUtils\MicroBluer.AndroidUtils.csproj", "{3EC1CD04-B7F3-4BDC-8800-7E0BD11C963C}"
EndProject
Project("{9A19103F-16F7-4668-BE54-9A1E7A4F7556}") = "MicroBluer.ServerCore", "src\Server\MicroBluer.ServerCore\MicroBluer.ServerCore.csproj", "{22CA5871-53D0-43CB-ABEE-17320428CB67}"
EndProject
Project("{FAE04EC0-301F-11D3-BF4B-00C04F79EFBC}") = "MicroBluer.ServerHost", "src\Server\MicroBluer.ServerHost\MicroBluer.ServerHost.csproj", "{B60B34E5-9496-46B1-8183-67D2BD42E305}"
EndProject
Project("{9A19103F-16F7-4668-BE54-9A1E7A4F7556}") = "MicroBluer.ServerWeb", "src\Server\MicroBluer.ServerWeb\MicroBluer.ServerWeb.csproj", "{432B1714-FA0A-4D00-9F10-89CED798621D}"
EndProject
Project("{9A19103F-16F7-4668-BE54-9A1E7A4F7556}") = "MicroBluer.TimeTask", "src\Server\MicroBluer.TimeTask\MicroBluer.TimeTask.csproj", "{BDF67C6F-79EE-4114-8A83-28A0F1DCF4D9}"
EndProject
Global
	GlobalSection(SolutionConfigurationPlatforms) = preSolution
		Debug|Any CPU = Debug|Any CPU
		Release|Any CPU = Release|Any CPU
	EndGlobalSection
	GlobalSection(ProjectConfigurationPlatforms) = postSolution
		{742D468B-101E-4D27-844D-E196B78514D2}.Debug|Any CPU.ActiveCfg = Debug|Any CPU
		{742D468B-101E-4D27-844D-E196B78514D2}.Debug|Any CPU.Build.0 = Debug|Any CPU
		{742D468B-101E-4D27-844D-E196B78514D2}.Release|Any CPU.ActiveCfg = Release|Any CPU
		{742D468B-101E-4D27-844D-E196B78514D2}.Release|Any CPU.Build.0 = Release|Any CPU
		{50F5FC3C-222F-4F5A-825B-6F781B18E0BC}.Debug|Any CPU.ActiveCfg = Debug|Any CPU
		{50F5FC3C-222F-4F5A-825B-6F781B18E0BC}.Debug|Any CPU.Build.0 = Debug|Any CPU
		{50F5FC3C-222F-4F5A-825B-6F781B18E0BC}.Release|Any CPU.ActiveCfg = Release|Any CPU
		{50F5FC3C-222F-4F5A-825B-6F781B18E0BC}.Release|Any CPU.Build.0 = Release|Any CPU
		{3261D7E7-BB0F-4D3A-98E6-FDAD586A38B2}.Debug|Any CPU.ActiveCfg = Debug|Any CPU
		{3261D7E7-BB0F-4D3A-98E6-FDAD586A38B2}.Debug|Any CPU.Build.0 = Debug|Any CPU
		{3261D7E7-BB0F-4D3A-98E6-FDAD586A38B2}.Release|Any CPU.ActiveCfg = Release|Any CPU
		{3261D7E7-BB0F-4D3A-98E6-FDAD586A38B2}.Release|Any CPU.Build.0 = Release|Any CPU
		{440FBA9E-7E4F-46F6-A851-6226CC53562B}.Debug|Any CPU.ActiveCfg = Debug|Any CPU
		{440FBA9E-7E4F-46F6-A851-6226CC53562B}.Debug|Any CPU.Build.0 = Debug|Any CPU
		{440FBA9E-7E4F-46F6-A851-6226CC53562B}.Release|Any CPU.ActiveCfg = Release|Any CPU
		{440FBA9E-7E4F-46F6-A851-6226CC53562B}.Release|Any CPU.Build.0 = Release|Any CPU
		{825F4F2A-58FA-45CA-8604-A3EEF187B5E0}.Debug|Any CPU.ActiveCfg = Debug|Any CPU
		{825F4F2A-58FA-45CA-8604-A3EEF187B5E0}.Debug|Any CPU.Build.0 = Debug|Any CPU
		{825F4F2A-58FA-45CA-8604-A3EEF187B5E0}.Release|Any CPU.ActiveCfg = Release|Any CPU
		{825F4F2A-58FA-45CA-8604-A3EEF187B5E0}.Release|Any CPU.Build.0 = Release|Any CPU
		{6A91207F-DD65-48E5-A65E-75BDC72FE7AD}.Debug|Any CPU.ActiveCfg = Debug|Any CPU
		{6A91207F-DD65-48E5-A65E-75BDC72FE7AD}.Debug|Any CPU.Build.0 = Debug|Any CPU
		{6A91207F-DD65-48E5-A65E-75BDC72FE7AD}.Release|Any CPU.ActiveCfg = Release|Any CPU
		{6A91207F-DD65-48E5-A65E-75BDC72FE7AD}.Release|Any CPU.Build.0 = Release|Any CPU
		{48D0E788-4D0A-494A-B0F4-19CC4918AA0F}.Debug|Any CPU.ActiveCfg = Debug|Any CPU
		{48D0E788-4D0A-494A-B0F4-19CC4918AA0F}.Debug|Any CPU.Build.0 = Debug|Any CPU
		{48D0E788-4D0A-494A-B0F4-19CC4918AA0F}.Release|Any CPU.ActiveCfg = Release|Any CPU
		{48D0E788-4D0A-494A-B0F4-19CC4918AA0F}.Release|Any CPU.Build.0 = Release|Any CPU
		{95F9E535-B8A2-4F74-9DE5-FE0042A36DDB}.Debug|Any CPU.ActiveCfg = Debug|Any CPU
		{95F9E535-B8A2-4F74-9DE5-FE0042A36DDB}.Debug|Any CPU.Build.0 = Debug|Any CPU
		{95F9E535-B8A2-4F74-9DE5-FE0042A36DDB}.Debug|Any CPU.Deploy.0 = Debug|Any CPU
		{95F9E535-B8A2-4F74-9DE5-FE0042A36DDB}.Release|Any CPU.ActiveCfg = Release|Any CPU
		{95F9E535-B8A2-4F74-9DE5-FE0042A36DDB}.Release|Any CPU.Build.0 = Release|Any CPU
		{95F9E535-B8A2-4F74-9DE5-FE0042A36DDB}.Release|Any CPU.Deploy.0 = Release|Any CPU
		{3EC1CD04-B7F3-4BDC-8800-7E0BD11C963C}.Debug|Any CPU.ActiveCfg = Debug|Any CPU
		{3EC1CD04-B7F3-4BDC-8800-7E0BD11C963C}.Debug|Any CPU.Build.0 = Debug|Any CPU
		{3EC1CD04-B7F3-4BDC-8800-7E0BD11C963C}.Release|Any CPU.ActiveCfg = Release|Any CPU
		{3EC1CD04-B7F3-4BDC-8800-7E0BD11C963C}.Release|Any CPU.Build.0 = Release|Any CPU
		{22CA5871-53D0-43CB-ABEE-17320428CB67}.Debug|Any CPU.ActiveCfg = Debug|Any CPU
		{22CA5871-53D0-43CB-ABEE-17320428CB67}.Debug|Any CPU.Build.0 = Debug|Any CPU
		{22CA5871-53D0-43CB-ABEE-17320428CB67}.Release|Any CPU.ActiveCfg = Release|Any CPU
		{22CA5871-53D0-43CB-ABEE-17320428CB67}.Release|Any CPU.Build.0 = Release|Any CPU
		{B60B34E5-9496-46B1-8183-67D2BD42E305}.Debug|Any CPU.ActiveCfg = Debug|Any CPU
		{B60B34E5-9496-46B1-8183-67D2BD42E305}.Debug|Any CPU.Build.0 = Debug|Any CPU
		{B60B34E5-9496-46B1-8183-67D2BD42E305}.Release|Any CPU.ActiveCfg = Release|Any CPU
		{B60B34E5-9496-46B1-8183-67D2BD42E305}.Release|Any CPU.Build.0 = Release|Any CPU
		{432B1714-FA0A-4D00-9F10-89CED798621D}.Debug|Any CPU.ActiveCfg = Debug|Any CPU
		{432B1714-FA0A-4D00-9F10-89CED798621D}.Debug|Any CPU.Build.0 = Debug|Any CPU
		{432B1714-FA0A-4D00-9F10-89CED798621D}.Release|Any CPU.ActiveCfg = Release|Any CPU
		{432B1714-FA0A-4D00-9F10-89CED798621D}.Release|Any CPU.Build.0 = Release|Any CPU
		{BDF67C6F-79EE-4114-8A83-28A0F1DCF4D9}.Debug|Any CPU.ActiveCfg = Debug|Any CPU
		{BDF67C6F-79EE-4114-8A83-28A0F1DCF4D9}.Debug|Any CPU.Build.0 = Debug|Any CPU
		{BDF67C6F-79EE-4114-8A83-28A0F1DCF4D9}.Release|Any CPU.ActiveCfg = Release|Any CPU
		{BDF67C6F-79EE-4114-8A83-28A0F1DCF4D9}.Release|Any CPU.Build.0 = Release|Any CPU
	EndGlobalSection
	GlobalSection(SolutionProperties) = preSolution
		HideSolutionNode = FALSE
	EndGlobalSection
	GlobalSection(NestedProjects) = preSolution
		{47C29C30-D80E-445E-B15C-D913DC673F86} = {67A04D0B-9D81-4F37-8FB7-07E5FFDFB43A}
		{4376E57E-0485-4FD2-B39E-ECDB354354B1} = {67A04D0B-9D81-4F37-8FB7-07E5FFDFB43A}
		{490D8C9A-BE18-42D9-9BF0-AF47FE92FA6D} = {67A04D0B-9D81-4F37-8FB7-07E5FFDFB43A}
		{2A1ED7A3-3115-4B62-A550-8B320F091B12} = {67A04D0B-9D81-4F37-8FB7-07E5FFDFB43A}
		{742D468B-101E-4D27-844D-E196B78514D2} = {2A1ED7A3-3115-4B62-A550-8B320F091B12}
		{50F5FC3C-222F-4F5A-825B-6F781B18E0BC} = {2A1ED7A3-3115-4B62-A550-8B320F091B12}
		{3261D7E7-BB0F-4D3A-98E6-FDAD586A38B2} = {490D8C9A-BE18-42D9-9BF0-AF47FE92FA6D}
		{440FBA9E-7E4F-46F6-A851-6226CC53562B} = {490D8C9A-BE18-42D9-9BF0-AF47FE92FA6D}
		{825F4F2A-58FA-45CA-8604-A3EEF187B5E0} = {4376E57E-0485-4FD2-B39E-ECDB354354B1}
		{6A91207F-DD65-48E5-A65E-75BDC72FE7AD} = {4376E57E-0485-4FD2-B39E-ECDB354354B1}
		{48D0E788-4D0A-494A-B0F4-19CC4918AA0F} = {4376E57E-0485-4FD2-B39E-ECDB354354B1}
		{95F9E535-B8A2-4F74-9DE5-FE0042A36DDB} = {4376E57E-0485-4FD2-B39E-ECDB354354B1}
		{3EC1CD04-B7F3-4BDC-8800-7E0BD11C963C} = {4376E57E-0485-4FD2-B39E-ECDB354354B1}
		{22CA5871-53D0-43CB-ABEE-17320428CB67} = {47C29C30-D80E-445E-B15C-D913DC673F86}
		{B60B34E5-9496-46B1-8183-67D2BD42E305} = {47C29C30-D80E-445E-B15C-D913DC673F86}
		{432B1714-FA0A-4D00-9F10-89CED798621D} = {47C29C30-D80E-445E-B15C-D913DC673F86}
		{BDF67C6F-79EE-4114-8A83-28A0F1DCF4D9} = {47C29C30-D80E-445E-B15C-D913DC673F86}
	EndGlobalSection
	GlobalSection(ExtensibilityGlobals) = postSolution
		SolutionGuid = {5BAB00A0-1B85-476C-951E-30CB476CE191}
	EndGlobalSection
EndGlobal
